
Microsoft Visual Studio Solution File, Format Version 12.00
# Visual Studio Version 17
VisualStudioVersion = 17.14.36408.4
MinimumVisualStudioVersion = 10.0.40219.1
Project("{FAE04EC0-301F-11D3-BF4B-00C04F79EFBC}") = "GraphViewer.BlazorApp", "GraphViewer.BlazorApp\GraphViewer.BlazorApp.csproj", "{4CCCF7CE-CA37-4047-AE01-D98C068E143A}"
EndProject
Global
	GlobalSection(SolutionConfigurationPlatforms) = preSolution
		Debug|Any CPU = Debug|Any CPU
		Release|Any CPU = Release|Any CPU
	EndGlobalSection
	GlobalSection(ProjectConfigurationPlatforms) = postSolution
		{4CCCF7CE-CA37-4047-AE01-D98C068E143A}.Debug|Any CPU.ActiveCfg = Debug|Any CPU
		{4CCCF7CE-CA37-4047-AE01-D98C068E143A}.Debug|Any CPU.Build.0 = Debug|Any CPU
		{4CCCF7CE-CA37-4047-AE01-D98C068E143A}.Debug|Any CPU.Deploy.0 = Debug|Any CPU
		{4CCCF7CE-CA37-4047-AE01-D98C068E143A}.Release|Any CPU.ActiveCfg = Release|Any CPU
		{4CCCF7CE-CA37-4047-AE01-D98C068E143A}.Release|Any CPU.Build.0 = Release|Any CPU
	EndGlobalSection
	GlobalSection(SolutionProperties) = preSolution
		HideSolutionNode = FALSE
	EndGlobalSection
	GlobalSection(ExtensibilityGlobals) = postSolution
		SolutionGuid = {F07B5A2F-3A5D-4C88-B0D3-217E632DBC1D}
	EndGlobalSection
EndGlobal
